
Microsoft Visual Studio Solution File, Format Version 12.00
# Visual Studio Version 17
VisualStudioVersion = 17.7.34024.191
MinimumVisualStudioVersion = 10.0.40219.1
Project("{FAE04EC0-301F-11D3-BF4B-00C04F79EFBC}") = "LoxotroniWPF", "LoxotroniWPF\LoxotroniWPF.csproj", "{D1DDFD97-5A9F-438A-98D6-D3DD5A70149D}"
EndProject
Global
	GlobalSection(SolutionConfigurationPlatforms) = preSolution
		Debug|Any CPU = Debug|Any CPU
		Release|Any CPU = Release|Any CPU
	EndGlobalSection
	GlobalSection(ProjectConfigurationPlatforms) = postSolution
		{D1DDFD97-5A9F-438A-98D6-D3DD5A70149D}.Debug|Any CPU.ActiveCfg = Debug|Any CPU
		{D1DDFD97-5A9F-438A-98D6-D3DD5A70149D}.Debug|Any CPU.Build.0 = Debug|Any CPU
		{D1DDFD97-5A9F-438A-98D6-D3DD5A70149D}.Release|Any CPU.ActiveCfg = Release|Any CPU
		{D1DDFD97-5A9F-438A-98D6-D3DD5A70149D}.Release|Any CPU.Build.0 = Release|Any CPU
	EndGlobalSection
	GlobalSection(SolutionProperties) = preSolution
		HideSolutionNode = FALSE
	EndGlobalSection
	GlobalSection(ExtensibilityGlobals) = postSolution
		SolutionGuid = {BE5D83B8-3070-4FBA-BD19-F53879D5CACB}
	EndGlobalSection
EndGlobal
